version = 1
revision = 3
requires-python = ">=3.14"

[[package]]
name = "asgiref"
version = "3.11.1"
source = { registry = "https://pypi.org/simple" }
sdist = { url = "https://files.pythonhosted.org/packages/63/40/f03da1264ae8f7cfdbf9146542e5e7e8100a4c66ab48e791df9a03d3f6c0/asgiref-3.11.1.tar.gz", hash = "sha256:5f184dc43b7e763efe848065441eac62229c9f7b0475f41f80e207a114eda4ce", size = 38550, upload-time = "2026-02-03T13:30:14.33Z" }
wheels = [
    { url = "https://files.pythonhosted.org/packages/5c/0a/a72d10ed65068e115044937873362e6e32fab1b7dce0046aeb224682c989/asgiref-3.11.1-py3-none-any.whl", hash = "sha256:e8667a091e69529631969fd45dc268fa79b99c92c5fcdda727757e52146ec133", size = 24345, upload-time = "2026-02-03T13:30:13.039Z" },
]

[[package]]
name = "asn1crypto"
version = "1.5.1"
source = { registry = "https://pypi.org/simple" }
sdist = { url = "https://files.pythonhosted.org/packages/de/cf/d547feed25b5244fcb9392e288ff9fdc3280b10260362fc45d37a798a6ee/asn1crypto-1.5.1.tar.gz", hash = "sha256:13ae38502be632115abf8a24cbe5f4da52e3b5231990aff31123c805306ccb9c", size = 121080, upload-time = "2022-03-15T14:46:52.889Z" }
wheels = [
    { url = "https://files.pythonhosted.org/packages/c9/7f/09065fd9e27da0eda08b4d6897f1c13535066174cc023af248fc2a8d5e5a/asn1crypto-1.5.1-py2.py3-none-any.whl", hash = "sha256:db4e40728b728508912cbb3d44f19ce188f218e9eba635821bb4b68564f8fd67", size = 105045, upload-time = "2022-03-15T14:46:51.055Z" },
]

[[package]]
name = "boto3"
version = "1.42.82"
source = { registry = "https://pypi.org/simple" }
dependencies = [
    { name = "botocore" },
    { name = "jmespath" },
    { name = "s3transfer" },
]
sdist = { url = "https://files.pythonhosted.org/packages/59/91/7aa096d8dd134cea02faca5594bb09f90dde403b342bfb0d63c64357039f/boto3-1.42.82.tar.gz", hash = "sha256:6df9ca0f5047c6afe6bd42244d8e059cde69e2cdb719ebd68d52c7d7beb529b2", size = 112768, upload-time = "2026-04-02T19:40:08.787Z" }
wheels = [
    { url = "https://files.pythonhosted.org/packages/e2/ec/f55dd9fedc4948d68e8d7880019e853c76d0fbf06057e894f10e95e910dd/boto3-1.42.82-py3-none-any.whl", hash = "sha256:804341c8197c556e8e7ceb82388ee120f319a4efbb9dc368f6059760a11cfc7d", size = 140556, upload-time = "2026-04-02T19:40:07.225Z" },
]

[[package]]
name = "botocore"
version = "1.42.82"
source = { registry = "https://pypi.org/simple" }
dependencies = [
    { name = "jmespath" },
    { name = "python-dateutil" },
    { name = "urllib3" },
]
sdist = { url = "https://files.pythonhosted.org/packages/a8/b8/a9a58298f44fe0199b570204b37117e454b58a33bb1f3fe0b953338f83f3/botocore-1.42.82.tar.gz", hash = "sha256:a2bfe8537e95462ec06a46cc29c327f84746722bb4ce106491bfd3af8075ceed", size = 15140756, upload-time = "2026-04-02T19:39:56.59Z" }
wheels = [
    { url = "https://files.pythonhosted.org/packages/9f/c1/28e7af5579a9869f6326b5eb0a3c705d3ccdb66a27e2b5c0bdaed12fa55e/botocore-1.42.82-py3-none-any.whl", hash = "sha256:824dbb58c99d894f193ed1dd75cf59650e25c1b5adb9d3a66b39fdede46f259b", size = 14817051, upload-time = "2026-04-02T19:39:53.498Z" },
]

[[package]]
name = "colorama"
version = "0.4.6"
source = { registry = "https://pypi.org/simple" }
sdist = { url = "https://files.pythonhosted.org/packages/d8/53/6f443c9a4a8358a93a6792e2acffb9d9d5cb0a5cfd8802644b7b1c9a02e4/colorama-0.4.6.tar.gz", hash = "sha256:08695f5cb7ed6e0531a20572697297273c47b8cae5a63ffc6d6ed5c201be6e44", size = 27697, upload-time = "2022-10-25T02:36:22.414Z" }
wheels = [
    { url = "https://files.pythonhosted.org/packages/d1/d6/3965ed04c63042e047cb6a3e6ed1a63a35087b6a609aa3a15ed8ac56c221/colorama-0.4.6-py2.py3-none-any.whl", hash = "sha256:4f1d9991f5acc0ca119f9d443620b77f9d6b33703e51011c16baf57afb285fc6", size = 25335, upload-time = "2022-10-25T02:36:20.889Z" },
]

[[package]]
name = "django"
version = "6.0.3"
source = { registry = "https://pypi.org/simple" }
dependencies = [
    { name = "asgiref" },
    { name = "sqlparse" },
    { name = "tzdata", marker = "sys_platform == 'win32'" },
]
sdist = { url = "https://files.pythonhosted.org/packages/80/e1/894115c6bd70e2c8b66b0c40a3c367d83a5a48c034a4d904d31b62f7c53a/django-6.0.3.tar.gz", hash = "sha256:90be765ee756af8a6cbd6693e56452404b5ad15294f4d5e40c0a55a0f4870fe1", size = 10872701, upload-time = "2026-03-03T13:55:15.026Z" }
wheels = [
    { url = "https://files.pythonhosted.org/packages/72/b1/23f2556967c45e34d3d3cf032eb1bd3ef925ee458667fb99052a0b3ea3a6/django-6.0.3-py3-none-any.whl", hash = "sha256:2e5974441491ddb34c3f13d5e7a9f97b07ba03bf70234c0a9c68b79bbb235bc3", size = 8358527, upload-time = "2026-03-03T13:55:10.552Z" },
]

[[package]]
name = "django-bootstrap5"
version = "26.2"
source = { registry = "https://pypi.org/simple" }
dependencies = [
    { name = "django" },
]
sdist = { url = "https://files.pythonhosted.org/packages/f8/31/bd9e6acdf959d5e19757026c206a6bdfceec3001ee85bb1f9799ce304f87/django_bootstrap5-26.2.tar.gz", hash = "sha256:12331059c8230ba372ffaad990a706151e1ad8f721a870aa2e862cf6746f0d33", size = 51468, upload-time = "2026-02-08T11:47:19.067Z" }
wheels = [
    { url = "https://files.pythonhosted.org/packages/7a/79/d4b547849a86f450b1f1fb77f306da5d7844aba45f4aa10450d375fc26f5/django_bootstrap5-26.2-py3-none-any.whl", hash = "sha256:179af37c59f4e9b1070fc650f30961c5d903c2c0ad60280ad5b63ed394f68658", size = 26851, upload-time = "2026-02-08T11:47:20.198Z" },
]

[[package]]
name = "django-environ"
version = "0.13.0"
source = { registry = "https://pypi.org/simple" }
sdist = { url = "https://files.pythonhosted.org/packages/18/3c/60983e6ec9b24a8d8588eecebfd21123cba980bce0a905807a27692f0860/django_environ-0.13.0.tar.gz", hash = "sha256:6c401e4c219442c2c4588c2116d5292b5484a6f69163ed09cd41f3943bfb645f", size = 63529, upload-time = "2026-02-18T01:08:08.791Z" }
wheels = [
    { url = "https://files.pythonhosted.org/packages/c4/00/3767393ece946084e1c6830a33ffb8e39d68642e27ad5ac7d4c8bd5de866/django_environ-0.13.0-py3-none-any.whl", hash = "sha256:37799d14cd78222c6fd8298e48bfe17965ff8e586091ad66a463e52e0e7b799e", size = 20682, upload-time = "2026-02-18T01:08:07.359Z" },
]

[[package]]
name = "django-pg8000"
version = "0.0.5"
source = { registry = "https://pypi.org/simple" }
dependencies = [
    { name = "django" },
    { name = "pg8000" },
    { name = "python-dateutil" },
    { name = "pytz" },
]
sdist = { url = "https://files.pythonhosted.org/packages/b0/79/d188341767b1aac57a6bad6e5402fc5e90ae58bc83308943efc0d72fdf5a/django_pg8000-0.0.5.tar.gz", hash = "sha256:dff41d1618c6b58a4d973d221c3075fa0eb06188ae90c37988069ade630e1a3d", size = 25742, upload-time = "2024-01-03T21:48:45.143Z" }
wheels = [
    { url = "https://files.pythonhosted.org/packages/4f/54/3fd65a752270db87d71793c4bb97352d3523135351bfbd01ce3959ba6b2a/django_pg8000-0.0.5-py3-none-any.whl", hash = "sha256:f21aa1f0540a1435588287540122454a79f76220bcd82e64094fc97c1a30c888", size = 27220, upload-time = "2024-01-03T21:48:43.403Z" },
]

[[package]]
name = "django-storages"
version = "1.14.6"
source = { registry = "https://pypi.org/simple" }
dependencies = [
    { name = "django" },
]
sdist = { url = "https://files.pythonhosted.org/packages/ff/d6/2e50e378fff0408d558f36c4acffc090f9a641fd6e084af9e54d45307efa/django_storages-1.14.6.tar.gz", hash = "sha256:7a25ce8f4214f69ac9c7ce87e2603887f7ae99326c316bc8d2d75375e09341c9", size = 87587, upload-time = "2025-04-02T02:34:55.103Z" }
wheels = [
    { url = "https://files.pythonhosted.org/packages/1f/21/3cedee63417bc5553eed0c204be478071c9ab208e5e259e97287590194f1/django_storages-1.14.6-py3-none-any.whl", hash = "sha256:11b7b6200e1cb5ffcd9962bd3673a39c7d6a6109e8096f0e03d46fab3d3aabd9", size = 33095, upload-time = "2025-04-02T02:34:53.291Z" },
]

[package.optional-dependencies]
s3 = [
    { name = "boto3" },
]

[[package]]
name = "jmespath"
version = "1.1.0"
source = { registry = "https://pypi.org/simple" }
sdist = { url = "https://files.pythonhosted.org/packages/d3/59/322338183ecda247fb5d1763a6cbe46eff7222eaeebafd9fa65d4bf5cb11/jmespath-1.1.0.tar.gz", hash = "sha256:472c87d80f36026ae83c6ddd0f1d05d4e510134ed462851fd5f754c8c3cbb88d", size = 27377, upload-time = "2026-01-22T16:35:26.279Z" }
wheels = [
    { url = "https://files.pythonhosted.org/packages/14/2f/967ba146e6d58cf6a652da73885f52fc68001525b4197effc174321d70b4/jmespath-1.1.0-py3-none-any.whl", hash = "sha256:a5663118de4908c91729bea0acadca56526eb2698e83de10cd116ae0f4e97c64", size = 20419, upload-time = "2026-01-22T16:35:24.919Z" },
]

[[package]]
name = "loguru"
version = "0.7.3"
source = { registry = "https://pypi.org/simple" }
dependencies = [
    { name = "colorama", marker = "sys_platform == 'win32'" },
    { name = "win32-setctime", marker = "sys_platform == 'win32'" },
]
sdist = { url = "https://files.pythonhosted.org/packages/3a/05/a1dae3dffd1116099471c643b8924f5aa6524411dc6c63fdae648c4f1aca/loguru-0.7.3.tar.gz", hash = "sha256:19480589e77d47b8d85b2c827ad95d49bf31b0dcde16593892eb51dd18706eb6", size = 63559, upload-time = "2024-12-06T11:20:56.608Z" }
wheels = [
    { url = "https://files.pythonhosted.org/packages/0c/29/0348de65b8cc732daa3e33e67806420b2ae89bdce2b04af740289c5c6c8c/loguru-0.7.3-py3-none-any.whl", hash = "sha256:31a33c10c8e1e10422bfd431aeb5d351c7cf7fa671e3c4df004162264b28220c", size = 61595, upload-time = "2024-12-06T11:20:54.538Z" },
]

[[package]]
name = "pg8000"
version = "1.31.5"
source = { registry = "https://pypi.org/simple" }
dependencies = [
    { name = "python-dateutil" },
    { name = "scramp" },
]
sdist = { url = "https://files.pythonhosted.org/packages/c8/9a/077ab21e700051e03d8c5232b6bcb9a1a4d4b6242c9a0226df2cfa306414/pg8000-1.31.5.tar.gz", hash = "sha256:46ebb03be52b7a77c03c725c79da2ca281d6e8f59577ca66b17c9009618cae78", size = 118933, upload-time = "2025-09-14T09:16:49.748Z" }
wheels = [
    { url = "https://files.pythonhosted.org/packages/45/07/5fd183858dff4d24840f07fc845f213cd371a19958558607ba22035dadd7/pg8000-1.31.5-py3-none-any.whl", hash = "sha256:0af2c1926b153307639868d2ee5cef6cd3a7d07448e12736989b10e1d491e201", size = 57816, upload-time = "2025-09-14T09:16:47.798Z" },
]

[[package]]
name = "python-dateutil"
version = "2.9.0.post0"
source = { registry = "https://pypi.org/simple" }
dependencies = [
    { name = "six" },
]
sdist = { url = "https://files.pythonhosted.org/packages/66/c0/0c8b6ad9f17a802ee498c46e004a0eb49bc148f2fd230864601a86dcf6db/python-dateutil-2.9.0.post0.tar.gz", hash = "sha256:37dd54208da7e1cd875388217d5e00ebd4179249f90fb72437e91a35459a0ad3", size = 342432, upload-time = "2024-03-01T18:36:20.211Z" }
wheels = [
    { url = "https://files.pythonhosted.org/packages/ec/57/56b9bcc3c9c6a792fcbaf139543cee77261f3651ca9da0c93f5c1221264b/python_dateutil-2.9.0.post0-py2.py3-none-any.whl", hash = "sha256:a8b2bc7bffae282281c8140a97d3aa9c14da0b136dfe83f850eea9a5f7470427", size = 229892, upload-time = "2024-03-01T18:36:18.57Z" },
]

[[package]]
name = "pytz"
version = "2026.1.post1"
source = { registry = "https://pypi.org/simple" }
sdist = { url = "https://files.pythonhosted.org/packages/56/db/b8721d71d945e6a8ac63c0fc900b2067181dbb50805958d4d4661cf7d277/pytz-2026.1.post1.tar.gz", hash = "sha256:3378dde6a0c3d26719182142c56e60c7f9af7e968076f31aae569d72a0358ee1", size = 321088, upload-time = "2026-03-03T07:47:50.683Z" }
wheels = [
    { url = "https://files.pythonhosted.org/packages/10/99/781fe0c827be2742bcc775efefccb3b048a3a9c6ce9aec0cbf4a101677e5/pytz-2026.1.post1-py2.py3-none-any.whl", hash = "sha256:f2fd16142fda348286a75e1a524be810bb05d444e5a081f37f7affc635035f7a", size = 510489, upload-time = "2026-03-03T07:47:49.167Z" },
]

[[package]]
name = "s3transfer"
version = "0.16.0"
source = { registry = "https://pypi.org/simple" }
dependencies = [
    { name = "botocore" },
]
sdist = { url = "https://files.pythonhosted.org/packages/05/04/74127fc843314818edfa81b5540e26dd537353b123a4edc563109d8f17dd/s3transfer-0.16.0.tar.gz", hash = "sha256:8e990f13268025792229cd52fa10cb7163744bf56e719e0b9cb925ab79abf920", size = 153827, upload-time = "2025-12-01T02:30:59.114Z" }
wheels = [
    { url = "https://files.pythonhosted.org/packages/fc/51/727abb13f44c1fcf6d145979e1535a35794db0f6e450a0cb46aa24732fe2/s3transfer-0.16.0-py3-none-any.whl", hash = "sha256:18e25d66fed509e3868dc1572b3f427ff947dd2c56f844a5bf09481ad3f3b2fe", size = 86830, upload-time = "2025-12-01T02:30:57.729Z" },
]

[[package]]
name = "scramp"
version = "1.4.8"
source = { registry = "https://pypi.org/simple" }
dependencies = [
    { name = "asn1crypto" },
]
sdist = { url = "https://files.pythonhosted.org/packages/98/52/a866f1ac9ae9025ec7f9bea803bba9d54796f8a84236165a700831f61b27/scramp-1.4.8.tar.gz", hash = "sha256:bd018fabfe46343cceeb9f1c3e8d23f55770271e777e3accbfaee3ff0a316e71", size = 16630, upload-time = "2026-01-06T21:01:01.083Z" }
wheels = [
    { url = "https://files.pythonhosted.org/packages/90/07/a962d2477331abfdb2c6a8251b65c673dbb07ad707d1882d61562b8b9147/scramp-1.4.8-py3-none-any.whl", hash = "sha256:87c2f15976845a2872fe5490a06097f0d01813cceb53774ea168c911f2ad025c", size = 13121, upload-time = "2026-01-06T21:00:59.474Z" },
]

[[package]]
name = "six"
version = "1.17.0"
source = { registry = "https://pypi.org/simple" }
sdist = { url = "https://files.pythonhosted.org/packages/94/e7/b2c673351809dca68a0e064b6af791aa332cf192da575fd474ed7d6f16a2/six-1.17.0.tar.gz", hash = "sha256:ff70335d468e7eb6ec65b95b99d3a2836546063f63acc5171de367e834932a81", size = 34031, upload-time = "2024-12-04T17:35:28.174Z" }
wheels = [
    { url = "https://files.pythonhosted.org/packages/b7/ce/149a00dd41f10bc29e5921b496af8b574d8413afcd5e30dfa0ed46c2cc5e/six-1.17.0-py2.py3-none-any.whl", hash = "sha256:4721f391ed90541fddacab5acf947aa0d3dc7d27b2e1e8eda2be8970586c3274", size = 11050, upload-time = "2024-12-04T17:35:26.475Z" },
]

[[package]]
name = "sqlparse"
version = "0.5.5"
source = { registry = "https://pypi.org/simple" }
sdist = { url = "https://files.pythonhosted.org/packages/90/76/437d71068094df0726366574cf3432a4ed754217b436eb7429415cf2d480/sqlparse-0.5.5.tar.gz", hash = "sha256:e20d4a9b0b8585fdf63b10d30066c7c94c5d7a7ec47c889a2d83a3caa93ff28e", size = 120815, upload-time = "2025-12-19T07:17:45.073Z" }
wheels = [
    { url = "https://files.pythonhosted.org/packages/49/4b/359f28a903c13438ef59ebeee215fb25da53066db67b305c125f1c6d2a25/sqlparse-0.5.5-py3-none-any.whl", hash = "sha256:12a08b3bf3eec877c519589833aed092e2444e68240a3577e8e26148acc7b1ba", size = 46138, upload-time = "2025-12-19T07:17:46.573Z" },
]

[[package]]
name = "tldpy"
version = "0.1.0"
source = { virtual = "." }
dependencies = [
    { name = "django-bootstrap5" },
    { name = "django-environ" },
    { name = "django-pg8000" },
    { name = "django-storages", extra = ["s3"] },
    { name = "loguru" },
    { name = "pg8000" },
]

[package.metadata]
requires-dist = [
    { name = "django-bootstrap5", specifier = ">=26.2" },
    { name = "django-environ", specifier = ">=0.13.0" },
    { name = "django-pg8000", specifier = ">=0.0.5" },
    { name = "django-storages", extras = ["s3"], specifier = ">=1.14.6" },
    { name = "loguru", specifier = ">=0.7.3" },
    { name = "pg8000", specifier = ">=1.31.5" },
]

[[package]]
name = "tzdata"
version = "2026.1"
source = { registry = "https://pypi.org/simple" }
sdist = { url = "https://files.pythonhosted.org/packages/19/f5/cd531b2d15a671a40c0f66cf06bc3570a12cd56eef98960068ebbad1bf5a/tzdata-2026.1.tar.gz", hash = "sha256:67658a1903c75917309e753fdc349ac0efd8c27db7a0cb406a25be4840f87f98", size = 197639, upload-time = "2026-04-03T11:25:22.002Z" }
wheels = [
    { url = "https://files.pythonhosted.org/packages/b0/70/d460bd685a170790ec89317e9bd33047988e4bce507b831f5db771e142de/tzdata-2026.1-py2.py3-none-any.whl", hash = "sha256:4b1d2be7ac37ceafd7327b961aa3a54e467efbdb563a23655fbfe0d39cfc42a9", size = 348952, upload-time = "2026-04-03T11:25:20.313Z" },
]

[[package]]
name = "urllib3"
version = "2.6.3"
source = { registry = "https://pypi.org/simple" }
sdist = { url = "https://files.pythonhosted.org/packages/c7/24/5f1b3bdffd70275f6661c76461e25f024d5a38a46f04aaca912426a2b1d3/urllib3-2.6.3.tar.gz", hash = "sha256:1b62b6884944a57dbe321509ab94fd4d3b307075e0c2eae991ac71ee15ad38ed", size = 435556, upload-time = "2026-01-07T16:24:43.925Z" }
wheels = [
    { url = "https://files.pythonhosted.org/packages/39/08/aaaad47bc4e9dc8c725e68f9d04865dbcb2052843ff09c97b08904852d84/urllib3-2.6.3-py3-none-any.whl", hash = "sha256:bf272323e553dfb2e87d9bfd225ca7b0f467b919d7bbd355436d3fd37cb0acd4", size = 131584, upload-time = "2026-01-07T16:24:42.685Z" },
]

[[package]]
name = "win32-setctime"
version = "1.2.0"
source = { registry = "https://pypi.org/simple" }
sdist = { url = "https://files.pythonhosted.org/packages/b3/8f/705086c9d734d3b663af0e9bb3d4de6578d08f46b1b101c2442fd9aecaa2/win32_setctime-1.2.0.tar.gz", hash = "sha256:ae1fdf948f5640aae05c511ade119313fb6a30d7eabe25fef9764dca5873c4c0", size = 4867, upload-time = "2024-12-07T15:28:28.314Z" }
wheels = [
    { url = "https://files.pythonhosted.org/packages/e1/07/c6fe3ad3e685340704d314d765b7912993bcb8dc198f0e7a89382d37974b/win32_setctime-1.2.0-py3-none-any.whl", hash = "sha256:95d644c4e708aba81dc3704a116d8cbc974d70b3bdb8be1d150e36be6e9d1390", size = 4083, upload-time = "2024-12-07T15:28:26.465Z" },
]
